# This file is autogenerated, do not edit; changes may be undone by the next 'dep ensure'.


[[projects]]
  branch = "master"
  digest = "1:21f61a6141eccda5da6dc7ff184cac826a3361989b62f8b18d446b038be63a70"
  name = "golang.org/x/crypto"
  packages = [
    "chacha20poly1305",
    "curve25519",
    "internal/chacha20",
    "internal/subtle",
    "poly1305",
  ]
  pruneopts = "UT"
  revision = "614d502a4dac94afa3a6ce146bd1736da82514c6"

[[projects]]
  branch = "master"
  digest = "1:8392490b249a3602a13813be12324d3b16eca044ae185ff32cdd9e267706e208"
  name = "golang.org/x/sys"
  packages = ["cpu"]
  pruneopts = "UT"
  revision = "1a700e749ce29638d0bbcb531cce1094ea096bd3"

[solve-meta]
  analyzer-name = "dep"
  analyzer-version = 1
  input-imports = [
    "golang.org/x/crypto/chacha20poly1305",
    "golang.org/x/crypto/curve25519",
  ]
  solver-name = "gps-cdcl"
  solver-version = 1
